// !$*UTF8*$!
{
	archiveVersion = 1;
	classes = {
	};
	objectVersion = 48;
	objects = {

/* Begin PBXBuildFile section */
		843E7DCC20731D2D000B07C0 /* AppDelegate.swift in Sources */ = {isa = PBXBuildFile; fileRef = 843E7DCB20731D2D000B07C0 /* AppDelegate.swift */; };
		843E7DCE20731D2D000B07C0 /* ViewController.swift in Sources */ = {isa = PBXBuildFile; fileRef = 843E7DCD20731D2D000B07C0 /* ViewController.swift */; };
		843E7DD120731D2D000B07C0 /* Main.storyboard in Resources */ = {isa = PBXBuildFile; fileRef = 843E7DCF20731D2D000B07C0 /* Main.storyboard */; };
		843E7DD420731D2D000B07C0 /* Test_Project.xcdatamodeld in Sources */ = {isa = PBXBuildFile; fileRef = 843E7DD220731D2D000B07C0 /* Test_Project.xcdatamodeld */; };
		843E7DD620731D2D000B07C0 /* Assets.xcassets in Resources */ = {isa = PBXBuildFile; fileRef = 843E7DD520731D2D000B07C0 /* Assets.xcassets */; };
		843E7DD920731D2D000B07C0 /* LaunchScreen.storyboard in Resources */ = {isa = PBXBuildFile; fileRef = 843E7DD720731D2D000B07C0 /* LaunchScreen.storyboard */; };
		843E7DE120731D7D000B07C0 /* TableViewController.swift in Sources */ = {isa = PBXBuildFile; fileRef = 843E7DE020731D7D000B07C0 /* TableViewController.swift */; };
		843E7DE320731D8D000B07C0 /* TableViewCell.swift in Sources */ = {isa = PBXBuildFile; fileRef = 843E7DE220731D8D000B07C0 /* TableViewCell.swift */; };
/* End PBXBuildFile section */

/* Begin PBXFileReference section */
		843E7DC820731D2D000B07C0 /* Test Project.app */ = {isa = PBXFileReference; explicitFileType = wrapper.application; includeInIndex = 0; path = "Test Project.app"; sourceTree = BUILT_PRODUCTS_DIR; };
		843E7DCB20731D2D000B07C0 /* AppDelegate.swift */ = {isa = PBXFileReference; lastKnownFileType = sourcecode.swift; path = AppDelegate.swift; sourceTree = "<group>"; };
		843E7DCD20731D2D000B07C0 /* ViewController.swift */ = {isa = PBXFileReference; lastKnownFileType = sourcecode.swift; path = ViewController.swift; sourceTree = "<group>"; };
		843E7DD020731D2D000B07C0 /* Base */ = {isa = PBXFileReference; lastKnownFileType = file.storyboard; name = Base; path = Base.lproj/Main.storyboard; sourceTree = "<group>"; };
		843E7DD320731D2D000B07C0 /* Test_Project.xcdatamodel */ = {isa = PBXFileReference; lastKnownFileType = wrapper.xcdatamodel; path = Test_Project.xcdatamodel; sourceTree = "<group>"; };
		843E7DD520731D2D000B07C0 /* Assets.xcassets */ = {isa = PBXFileReference; lastKnownFileType = folder.assetcatalog; path = Assets.xcassets; sourceTree = "<group>"; };
		843E7DD820731D2D000B07C0 /* Base */ = {isa = PBXFileReference; lastKnownFileType = file.storyboard; name = Base; path = Base.lproj/LaunchScreen.storyboard; sourceTree = "<group>"; };
		843E7DDA20731D2D000B07C0 /* Info.plist */ = {isa = PBXFileReference; lastKnownFileType = text.plist.xml; path = Info.plist; sourceTree = "<group>"; };
		843E7DE020731D7D000B07C0 /* TableViewController.swift */ = {isa = PBXFileReference; lastKnownFileType = sourcecode.swift; path = TableViewController.swift; sourceTree = "<group>"; };
		843E7DE220731D8D000B07C0 /* TableViewCell.swift */ = {isa = PBXFileReference; lastKnownFileType = sourcecode.swift; path = TableViewCell.swift; sourceTree = "<group>"; };
/* End PBXFileReference section */

/* Begin PBXFrameworksBuildPhase section */
		843E7DC520731D2D000B07C0 /* Frameworks */ = {
			isa = PBXFrameworksBuildPhase;
			buildActionMask = 2147483647;
			files = (
			);
			runOnlyForDeploymentPostprocessing = 0;
		};
/* End PBXFrameworksBuildPhase section */

/* Begin PBXGroup section */
		843E7DBF20731D2D000B07C0 = {
			isa = PBXGroup;
			children = (
				843E7DCA20731D2D000B07C0 /* Test Project */,
				843E7DC920731D2D000B07C0 /* Products */,
			);
			sourceTree = "<group>";
		};
		843E7DC920731D2D000B07C0 /* Products */ = {
			isa = PBXGroup;
			children = (
				843E7DC820731D2D000B07C0 /* Test Project.app */,
			);
			name = Products;
			sourceTree = "<group>";
		};
		843E7DCA20731D2D000B07C0 /* Test Project */ = {
			isa = PBXGroup;
			children = (
				843E7DCB20731D2D000B07C0 /* AppDelegate.swift */,
				843E7DCD20731D2D000B07C0 /* ViewController.swift */,
				843E7DE220731D8D000B07C0 /* TableViewCell.swift */,
				843E7DE020731D7D000B07C0 /* TableViewController.swift */,
				843E7DD520731D2D000B07C0 /* Assets.xcassets */,
				843E7DCF20731D2D000B07C0 /* Main.storyboard */,
				843E7DD720731D2D000B07C0 /* LaunchScreen.storyboard */,
				843E7DDA20731D2D000B07C0 /* Info.plist */,
				843E7DD220731D2D000B07C0 /* Test_Project.xcdatamodeld */,
			);
			path = "Test Project";
			sourceTree = "<group>";
		};
/* End PBXGroup section */

/* Begin PBXNativeTarget section */
		843E7DC720731D2D000B07C0 /* Test Project */ = {
			isa = PBXNativeTarget;
			buildConfigurationList = 843E7DDD20731D2D000B07C0 /* Build configuration list for PBXNativeTarget "Test Project" */;
			buildPhases = (
				843E7DC420731D2D000B07C0 /* Sources */,
				843E7DC520731D2D000B07C0 /* Frameworks */,
				843E7DC620731D2D000B07C0 /* Resources */,
			);
			buildRules = (
			);
			dependencies = (
			);
			name = "Test Project";
			productName = "Test Project";
			productReference = 843E7DC820731D2D000B07C0 /* Test Project.app */;
			productType = "com.apple.product-type.application";
		};
/* End PBXNativeTarget section */

/* Begin PBXProject section */
		843E7DC020731D2D000B07C0 /* Project object */ = {
			isa = PBXProject;
			attributes = {
				LastSwiftUpdateCheck = 0920;
				LastUpgradeCheck = 0920;
				ORGANIZATIONNAME = Admin;
				TargetAttributes = {
					843E7DC720731D2D000B07C0 = {
						CreatedOnToolsVersion = 9.2;
						ProvisioningStyle = Automatic;
					};
				};
			};
			buildConfigurationList = 843E7DC320731D2D000B07C0 /* Build configuration list for PBXProject "Test Project" */;
			compatibilityVersion = "Xcode 8.0";
			developmentRegion = en;
			hasScannedForEncodings = 0;
			knownRegions = (
				en,
				Base,
			);
			mainGroup = 843E7DBF20731D2D000B07C0;
			productRefGroup = 843E7DC920731D2D000B07C0 /* Products */;
			projectDirPath = "";
			projectRoot = "";
			targets = (
				843E7DC720731D2D000B07C0 /* Test Project */,
			);
		};
/* End PBXProject section */

/* Begin PBXResourcesBuildPhase section */
		843E7DC620731D2D000B07C0 /* Resources */ = {
			isa = PBXResourcesBuildPhase;
			buildActionMask = 2147483647;
			files = (
				843E7DD920731D2D000B07C0 /* LaunchScreen.storyboard in Resources */,
				843E7DD620731D2D000B07C0 /* Assets.xcassets in Resources */,
				843E7DD120731D2D000B07C0 /* Main.storyboard in Resources */,
			);
			runOnlyForDeploymentPostprocessing = 0;
		};
/* End PBXResourcesBuildPhase section */

/* Begin PBXSourcesBuildPhase section */
		843E7DC420731D2D000B07C0 /* Sources */ = {
			isa = PBXSourcesBuildPhase;
			buildActionMask = 2147483647;
			files = (
				843E7DE320731D8D000B07C0 /* TableViewCell.swift in Sources */,
				843E7DD420731D2D000B07C0 /* Test_Project.xcdatamodeld in Sources */,
				843E7DCE20731D2D000B07C0 /* ViewController.swift in Sources */,
				843E7DCC20731D2D000B07C0 /* AppDelegate.swift in Sources */,
				843E7DE120731D7D000B07C0 /* TableViewController.swift in Sources */,
			);
			runOnlyForDeploymentPostprocessing = 0;
		};
/* End PBXSourcesBuildPhase section */

/* Begin PBXVariantGroup section */
		843E7DCF20731D2D000B07C0 /* Main.storyboard */ = {
			isa = PBXVariantGroup;
			children = (
				843E7DD020731D2D000B07C0 /* Base */,
			);
			name = Main.storyboard;
			sourceTree = "<group>";
		};
		843E7DD720731D2D000B07C0 /* LaunchScreen.storyboard */ = {
			isa = PBXVariantGroup;
			children = (
				843E7DD820731D2D000B07C0 /* Base */,
			);
			name = LaunchScreen.storyboard;
			sourceTree = "<group>";
		};
/* End PBXVariantGroup section */

/* Begin XCBuildConfiguration section */
		843E7DDB20731D2D000B07C0 /* Debug */ = {
			isa = XCBuildConfiguration;
			buildSettings = {
				ALWAYS_SEARCH_USER_PATHS = NO;
				CLANG_ANALYZER_NONNULL = YES;
				CLANG_ANALYZER_NUMBER_OBJECT_CONVERSION = YES_AGGRESSIVE;
				CLANG_CXX_LANGUAGE_STANDARD = "gnu++14";
				CLANG_CXX_LIBRARY = "libc++";
				CLANG_ENABLE_MODULES = YES;
				CLANG_ENABLE_OBJC_ARC = YES;
				CLANG_WARN_BLOCK_CAPTURE_AUTORELEASING = YES;
				CLANG_WARN_BOOL_CONVERSION = YES;
				CLANG_WARN_COMMA = YES;
				CLANG_WARN_CONSTANT_CONVERSION = YES;
				CLANG_WARN_DIRECT_OBJC_ISA_USAGE = YES_ERROR;
				CLANG_WARN_DOCUMENTATION_COMMENTS = YES;
				CLANG_WARN_EMPTY_BODY = YES;
				CLANG_WARN_ENUM_CONVERSION = YES;
				CLANG_WARN_INFINITE_RECURSION = YES;
				CLANG_WARN_INT_CONVERSION = YES;
				CLANG_WARN_NON_LITERAL_NULL_CONVERSION = YES;
				CLANG_WARN_OBJC_LITERAL_CONVERSION = YES;
				CLANG_WARN_OBJC_ROOT_CLASS = YES_ERROR;
				CLANG_WARN_RANGE_LOOP_ANALYSIS = YES;
				CLANG_WARN_STRICT_PROTOTYPES = YES;
				CLANG_WARN_SUSPICIOUS_MOVE = YES;
				CLANG_WARN_UNGUARDED_AVAILABILITY = YES_AGGRESSIVE;
				CLANG_WARN_UNREACHABLE_CODE = YES;
				CLANG_WARN__DUPLICATE_METHOD_MATCH = YES;
				CODE_SIGN_IDENTITY = "iPhone Developer";
				COPY_PHASE_STRIP = NO;
				DEBUG_INFORMATION_FORMAT = dwarf;
				ENABLE_STRICT_OBJC_MSGSEND = YES;
				ENABLE_TESTABILITY = YES;
				GCC_C_LANGUAGE_STANDARD = gnu11;
				GCC_DYNAMIC_NO_PIC = NO;
				GCC_NO_COMMON_BLOCKS = YES;
				GCC_OPTIMIZATION_LEVEL = 0;
				GCC_PREPROCESSOR_DEFINITIONS = (
					"DEBUG=1",
					"$(inherited)",
				);
				GCC_WARN_64_TO_32_BIT_CONVERSION = YES;
				GCC_WARN_ABOUT_RETURN_TYPE = YES_ERROR;
				GCC_WARN_UNDECLARED_SELECTOR = YES;
				GCC_WARN_UNINITIALIZED_AUTOS = YES_AGGRESSIVE;
				GCC_WARN_UNUSED_FUNCTION = YES;
				GCC_WARN_UNUSED_VARIABLE = YES;
				IPHONEOS_DEPLOYMENT_TARGET = 11.2;
				MTL_ENABLE_DEBUG_INFO = YES;
				ONLY_ACTIVE_ARCH = YES;
				SDKROOT = iphoneos;
				SWIFT_ACTIVE_COMPILATION_CONDITIONS = DEBUG;
				SWIFT_OPTIMIZATION_LEVEL = "-Onone";
			};
			name = Debug;
		};
		843E7DDC20731D2D000B07C0 /* Release */ = {
			isa = XCBuildConfiguration;
			buildSettings = {
				ALWAYS_SEARCH_USER_PATHS = NO;
				CLANG_ANALYZER_NONNULL = YES;
				CLANG_ANALYZER_NUMBER_OBJECT_CONVERSION = YES_AGGRESSIVE;
				CLANG_CXX_LANGUAGE_STANDARD = "gnu++14";
				CLANG_CXX_LIBRARY = "libc++";
				CLANG_ENABLE_MODULES = YES;
				CLANG_ENABLE_OBJC_ARC = YES;
				CLANG_WARN_BLOCK_CAPTURE_AUTORELEASING = YES;
				CLANG_WARN_BOOL_CONVERSION = YES;
				CLANG_WARN_COMMA = YES;
				CLANG_WARN_CONSTANT_CONVERSION = YES;
				CLANG_WARN_DIRECT_OBJC_ISA_USAGE = YES_ERROR;
				CLANG_WARN_DOCUMENTATION_COMMENTS = YES;
				CLANG_WARN_EMPTY_BODY = YES;
				CLANG_WARN_ENUM_CONVERSION = YES;
				CLANG_WARN_INFINITE_RECURSION = YES;
				CLANG_WARN_INT_CONVERSION = YES;
				CLANG_WARN_NON_LITERAL_NULL_CONVERSION = YES;
				CLANG_WARN_OBJC_LITERAL_CONVERSION = YES;
				CLANG_WARN_OBJC_ROOT_CLASS = YES_ERROR;
				CLANG_WARN_RANGE_LOOP_ANALYSIS = YES;
				CLANG_WARN_STRICT_PROTOTYPES = YES;
				CLANG_WARN_SUSPICIOUS_MOVE = YES;
				CLANG_WARN_UNGUARDED_AVAILABILITY = YES_AGGRESSIVE;
				CLANG_WARN_UNREACHABLE_CODE = YES;
				CLANG_WARN__DUPLICATE_METHOD_MATCH = YES;
				CODE_SIGN_IDENTITY = "iPhone Developer";
				COPY_PHASE_STRIP = NO;
				DEBUG_INFORMATION_FORMAT = "dwarf-with-dsym";
				ENABLE_NS_ASSERTIONS = NO;
				ENABLE_STRICT_OBJC_MSGSEND = YES;
				GCC_C_LANGUAGE_STANDARD = gnu11;
				GCC_NO_COMMON_BLOCKS = YES;
				GCC_WARN_64_TO_32_BIT_CONVERSION = YES;
				GCC_WARN_ABOUT_RETURN_TYPE = YES_ERROR;
				GCC_WARN_UNDECLARED_SELECTOR = YES;
				GCC_WARN_UNINITIALIZED_AUTOS = YES_AGGRESSIVE;
				GCC_WARN_UNUSED_FUNCTION = YES;
				GCC_WARN_UNUSED_VARIABLE = YES;
				IPHONEOS_DEPLOYMENT_TARGET = 11.2;
				MTL_ENABLE_DEBUG_INFO = NO;
				SDKROOT = iphoneos;
				SWIFT_OPTIMIZATION_LEVEL = "-Owholemodule";
				VALIDATE_PRODUCT = YES;
			};
			name = Release;
		};
		843E7DDE20731D2D000B07C0 /* Debug */ = {
			isa = XCBuildConfiguration;
			buildSettings = {
				ASSETCATALOG_COMPILER_APPICON_NAME = AppIcon;
				CODE_SIGN_STYLE = Automatic;
				DEVELOPMENT_TEAM = PVQGVQ7D95;
				INFOPLIST_FILE = "Test Project/Info.plist";
				LD_RUNPATH_SEARCH_PATHS = "$(inherited) @executable_path/Frameworks";
				PRODUCT_BUNDLE_IDENTIFIER = "vanya.Test-Project";
				PRODUCT_NAME = "$(TARGET_NAME)";
				SWIFT_VERSION = 4.0;
				TARGETED_DEVICE_FAMILY = "1,2";
			};
			name = Debug;
		};
		843E7DDF20731D2D000B07C0 /* Release */ = {
			isa = XCBuildConfiguration;
			buildSettings = {
				ASSETCATALOG_COMPILER_APPICON_NAME = AppIcon;
				CODE_SIGN_STYLE = Automatic;
				DEVELOPMENT_TEAM = PVQGVQ7D95;
				INFOPLIST_FILE = "Test Project/Info.plist";
				LD_RUNPATH_SEARCH_PATHS = "$(inherited) @executable_path/Frameworks";
				PRODUCT_BUNDLE_IDENTIFIER = "vanya.Test-Project";
				PRODUCT_NAME = "$(TARGET_NAME)";
				SWIFT_VERSION = 4.0;
				TARGETED_DEVICE_FAMILY = "1,2";
			};
			name = Release;
		};
/* End XCBuildConfiguration section */

/* Begin XCConfigurationList section */
		843E7DC320731D2D000B07C0 /* Build configuration list for PBXProject "Test Project" */ = {
			isa = XCConfigurationList;
			buildConfigurations = (
				843E7DDB20731D2D000B07C0 /* Debug */,
				843E7DDC20731D2D000B07C0 /* Release */,
			);
			defaultConfigurationIsVisible = 0;
			defaultConfigurationName = Release;
		};
		843E7DDD20731D2D000B07C0 /* Build configuration list for PBXNativeTarget "Test Project" */ = {
			isa = XCConfigurationList;
			buildConfigurations = (
				843E7DDE20731D2D000B07C0 /* Debug */,
				843E7DDF20731D2D000B07C0 /* Release */,
			);
			defaultConfigurationIsVisible = 0;
			defaultConfigurationName = Release;
		};
/* End XCConfigurationList section */

/* Begin XCVersionGroup section */
		843E7DD220731D2D000B07C0 /* Test_Project.xcdatamodeld */ = {
			isa = XCVersionGroup;
			children = (
				843E7DD320731D2D000B07C0 /* Test_Project.xcdatamodel */,
			);
			currentVersion = 843E7DD320731D2D000B07C0 /* Test_Project.xcdatamodel */;
			path = Test_Project.xcdatamodeld;
			sourceTree = "<group>";
			versionGroupType = wrapper.xcdatamodel;
		};
/* End XCVersionGroup section */
	};
	rootObject = 843E7DC020731D2D000B07C0 /* Project object */;
}
